// !$*UTF8*$!
{
	archiveVersion = 1;
	classes = {
	};
	objectVersion = 46;
	objects = {

/* Begin PBXBuildFile section */
		D25186AF1DFCADEC007A2260 /* AppDelegate.swift in Sources */ = {isa = PBXBuildFile; fileRef = D25186AE1DFCADEC007A2260 /* AppDelegate.swift */; };
		D25186B11DFCADEC007A2260 /* ViewController.swift in Sources */ = {isa = PBXBuildFile; fileRef = D25186B01DFCADEC007A2260 /* ViewController.swift */; };
		D25186B41DFCADEC007A2260 /* Main.storyboard in Resources */ = {isa = PBXBuildFile; fileRef = D25186B21DFCADEC007A2260 /* Main.storyboard */; };
		D25186B71DFCADEC007A2260 /* Financial_Tool.xcdatamodeld in Sources */ = {isa = PBXBuildFile; fileRef = D25186B51DFCADEC007A2260 /* Financial_Tool.xcdatamodeld */; };
		D25186B91DFCADEC007A2260 /* Assets.xcassets in Resources */ = {isa = PBXBuildFile; fileRef = D25186B81DFCADEC007A2260 /* Assets.xcassets */; };
		D25186BC1DFCADEC007A2260 /* LaunchScreen.storyboard in Resources */ = {isa = PBXBuildFile; fileRef = D25186BA1DFCADEC007A2260 /* LaunchScreen.storyboard */; };
		D25186C71DFCADEC007A2260 /* Financial_ToolTests.swift in Sources */ = {isa = PBXBuildFile; fileRef = D25186C61DFCADEC007A2260 /* Financial_ToolTests.swift */; };
		D25186D21DFCADEC007A2260 /* Financial_ToolUITests.swift in Sources */ = {isa = PBXBuildFile; fileRef = D25186D11DFCADEC007A2260 /* Financial_ToolUITests.swift */; };
/* End PBXBuildFile section */

/* Begin PBXContainerItemProxy section */
		D25186C31DFCADEC007A2260 /* PBXContainerItemProxy */ = {
			isa = PBXContainerItemProxy;
			containerPortal = D25186A31DFCADEB007A2260 /* Project object */;
			proxyType = 1;
			remoteGlobalIDString = D25186AA1DFCADEB007A2260;
			remoteInfo = "Financial Tool";
		};
		D25186CE1DFCADEC007A2260 /* PBXContainerItemProxy */ = {
			isa = PBXContainerItemProxy;
			containerPortal = D25186A31DFCADEB007A2260 /* Project object */;
			proxyType = 1;
			remoteGlobalIDString = D25186AA1DFCADEB007A2260;
			remoteInfo = "Financial Tool";
		};
/* End PBXContainerItemProxy section */

/* Begin PBXFileReference section */
		D25186AB1DFCADEC007A2260 /* Financial Tool.app */ = {isa = PBXFileReference; explicitFileType = wrapper.application; includeInIndex = 0; path = "Financial Tool.app"; sourceTree = BUILT_PRODUCTS_DIR; };
		D25186AE1DFCADEC007A2260 /* AppDelegate.swift */ = {isa = PBXFileReference; lastKnownFileType = sourcecode.swift; path = AppDelegate.swift; sourceTree = "<group>"; };
		D25186B01DFCADEC007A2260 /* ViewController.swift */ = {isa = PBXFileReference; lastKnownFileType = sourcecode.swift; path = ViewController.swift; sourceTree = "<group>"; };
		D25186B31DFCADEC007A2260 /* Base */ = {isa = PBXFileReference; lastKnownFileType = file.storyboard; name = Base; path = Base.lproj/Main.storyboard; sourceTree = "<group>"; };
		D25186B61DFCADEC007A2260 /* Financial_Tool.xcdatamodel */ = {isa = PBXFileReference; lastKnownFileType = wrapper.xcdatamodel; path = Financial_Tool.xcdatamodel; sourceTree = "<group>"; };
		D25186B81DFCADEC007A2260 /* Assets.xcassets */ = {isa = PBXFileReference; lastKnownFileType = folder.assetcatalog; path = Assets.xcassets; sourceTree = "<group>"; };
		D25186BB1DFCADEC007A2260 /* Base */ = {isa = PBXFileReference; lastKnownFileType = file.storyboard; name = Base; path = Base.lproj/LaunchScreen.storyboard; sourceTree = "<group>"; };
		D25186BD1DFCADEC007A2260 /* Info.plist */ = {isa = PBXFileReference; lastKnownFileType = text.plist.xml; path = Info.plist; sourceTree = "<group>"; };
		D25186C21DFCADEC007A2260 /* Financial ToolTests.xctest */ = {isa = PBXFileReference; explicitFileType = wrapper.cfbundle; includeInIndex = 0; path = "Financial ToolTests.xctest"; sourceTree = BUILT_PRODUCTS_DIR; };
		D25186C61DFCADEC007A2260 /* Financial_ToolTests.swift */ = {isa = PBXFileReference; lastKnownFileType = sourcecode.swift; path = Financial_ToolTests.swift; sourceTree = "<group>"; };
		D25186C81DFCADEC007A2260 /* Info.plist */ = {isa = PBXFileReference; lastKnownFileType = text.plist.xml; path = Info.plist; sourceTree = "<group>"; };
		D25186CD1DFCADEC007A2260 /* Financial ToolUITests.xctest */ = {isa = PBXFileReference; explicitFileType = wrapper.cfbundle; includeInIndex = 0; path = "Financial ToolUITests.xctest"; sourceTree = BUILT_PRODUCTS_DIR; };
		D25186D11DFCADEC007A2260 /* Financial_ToolUITests.swift */ = {isa = PBXFileReference; lastKnownFileType = sourcecode.swift; path = Financial_ToolUITests.swift; sourceTree = "<group>"; };
		D25186D31DFCADEC007A2260 /* Info.plist */ = {isa = PBXFileReference; lastKnownFileType = text.plist.xml; path = Info.plist; sourceTree = "<group>"; };
/* End PBXFileReference section */

/* Begin PBXFrameworksBuildPhase section */
		D25186A81DFCADEB007A2260 /* Frameworks */ = {
			isa = PBXFrameworksBuildPhase;
			buildActionMask = 2147483647;
			files = (
			);
			runOnlyForDeploymentPostprocessing = 0;
		};
		D25186BF1DFCADEC007A2260 /* Frameworks */ = {
			isa = PBXFrameworksBuildPhase;
			buildActionMask = 2147483647;
			files = (
			);
			runOnlyForDeploymentPostprocessing = 0;
		};
		D25186CA1DFCADEC007A2260 /* Frameworks */ = {
			isa = PBXFrameworksBuildPhase;
			buildActionMask = 2147483647;
			files = (
			);
			runOnlyForDeploymentPostprocessing = 0;
		};
/* End PBXFrameworksBuildPhase section */

/* Begin PBXGroup section */
		D25186A21DFCADEB007A2260 = {
			isa = PBXGroup;
			children = (
				D25186AD1DFCADEC007A2260 /* Financial Tool */,
				D25186C51DFCADEC007A2260 /* Financial ToolTests */,
				D25186D01DFCADEC007A2260 /* Financial ToolUITests */,
				D25186AC1DFCADEC007A2260 /* Products */,
			);
			sourceTree = "<group>";
		};
		D25186AC1DFCADEC007A2260 /* Products */ = {
			isa = PBXGroup;
			children = (
				D25186AB1DFCADEC007A2260 /* Financial Tool.app */,
				D25186C21DFCADEC007A2260 /* Financial ToolTests.xctest */,
				D25186CD1DFCADEC007A2260 /* Financial ToolUITests.xctest */,
			);
			name = Products;
			sourceTree = "<group>";
		};
		D25186AD1DFCADEC007A2260 /* Financial Tool */ = {
			isa = PBXGroup;
			children = (
				D25186AE1DFCADEC007A2260 /* AppDelegate.swift */,
				D25186B01DFCADEC007A2260 /* ViewController.swift */,
				D25186B21DFCADEC007A2260 /* Main.storyboard */,
				D25186B81DFCADEC007A2260 /* Assets.xcassets */,
				D25186BA1DFCADEC007A2260 /* LaunchScreen.storyboard */,
				D25186BD1DFCADEC007A2260 /* Info.plist */,
				D25186B51DFCADEC007A2260 /* Financial_Tool.xcdatamodeld */,
			);
			path = "Financial Tool";
			sourceTree = "<group>";
		};
		D25186C51DFCADEC007A2260 /* Financial ToolTests */ = {
			isa = PBXGroup;
			children = (
				D25186C61DFCADEC007A2260 /* Financial_ToolTests.swift */,
				D25186C81DFCADEC007A2260 /* Info.plist */,
			);
			path = "Financial ToolTests";
			sourceTree = "<group>";
		};
		D25186D01DFCADEC007A2260 /* Financial ToolUITests */ = {
			isa = PBXGroup;
			children = (
				D25186D11DFCADEC007A2260 /* Financial_ToolUITests.swift */,
				D25186D31DFCADEC007A2260 /* Info.plist */,
			);
			path = "Financial ToolUITests";
			sourceTree = "<group>";
		};
/* End PBXGroup section */

/* Begin PBXNativeTarget section */
		D25186AA1DFCADEB007A2260 /* Financial Tool */ = {
			isa = PBXNativeTarget;
			buildConfigurationList = D25186D61DFCADEC007A2260 /* Build configuration list for PBXNativeTarget "Financial Tool" */;
			buildPhases = (
				D25186A71DFCADEB007A2260 /* Sources */,
				D25186A81DFCADEB007A2260 /* Frameworks */,
				D25186A91DFCADEB007A2260 /* Resources */,
			);
			buildRules = (
			);
			dependencies = (
			);
			name = "Financial Tool";
			productName = "Financial Tool";
			productReference = D25186AB1DFCADEC007A2260 /* Financial Tool.app */;
			productType = "com.apple.product-type.application";
		};
		D25186C11DFCADEC007A2260 /* Financial ToolTests */ = {
			isa = PBXNativeTarget;
			buildConfigurationList = D25186D91DFCADEC007A2260 /* Build configuration list for PBXNativeTarget "Financial ToolTests" */;
			buildPhases = (
				D25186BE1DFCADEC007A2260 /* Sources */,
				D25186BF1DFCADEC007A2260 /* Frameworks */,
				D25186C01DFCADEC007A2260 /* Resources */,
			);
			buildRules = (
			);
			dependencies = (
				D25186C41DFCADEC007A2260 /* PBXTargetDependency */,
			);
			name = "Financial ToolTests";
			productName = "Financial ToolTests";
			productReference = D25186C21DFCADEC007A2260 /* Financial ToolTests.xctest */;
			productType = "com.apple.product-type.bundle.unit-test";
		};
		D25186CC1DFCADEC007A2260 /* Financial ToolUITests */ = {
			isa = PBXNativeTarget;
			buildConfigurationList = D25186DC1DFCADEC007A2260 /* Build configuration list for PBXNativeTarget "Financial ToolUITests" */;
			buildPhases = (
				D25186C91DFCADEC007A2260 /* Sources */,
				D25186CA1DFCADEC007A2260 /* Frameworks */,
				D25186CB1DFCADEC007A2260 /* Resources */,
			);
			buildRules = (
			);
			dependencies = (
				D25186CF1DFCADEC007A2260 /* PBXTargetDependency */,
			);
			name = "Financial ToolUITests";
			productName = "Financial ToolUITests";
			productReference = D25186CD1DFCADEC007A2260 /* Financial ToolUITests.xctest */;
			productType = "com.apple.product-type.bundle.ui-testing";
		};
/* End PBXNativeTarget section */

/* Begin PBXProject section */
		D25186A31DFCADEB007A2260 /* Project object */ = {
			isa = PBXProject;
			attributes = {
				LastSwiftUpdateCheck = 0810;
				LastUpgradeCheck = 0810;
				ORGANIZATIONNAME = "Rusdoge Industries";
				TargetAttributes = {
					D25186AA1DFCADEB007A2260 = {
						CreatedOnToolsVersion = 8.1;
						DevelopmentTeam = NEY2FHL5G3;
						ProvisioningStyle = Automatic;
					};
					D25186C11DFCADEC007A2260 = {
						CreatedOnToolsVersion = 8.1;
						DevelopmentTeam = NEY2FHL5G3;
						ProvisioningStyle = Automatic;
						TestTargetID = D25186AA1DFCADEB007A2260;
					};
					D25186CC1DFCADEC007A2260 = {
						CreatedOnToolsVersion = 8.1;
						DevelopmentTeam = NEY2FHL5G3;
						ProvisioningStyle = Automatic;
						TestTargetID = D25186AA1DFCADEB007A2260;
					};
				};
			};
			buildConfigurationList = D25186A61DFCADEB007A2260 /* Build configuration list for PBXProject "Financial Tool" */;
			compatibilityVersion = "Xcode 3.2";
			developmentRegion = English;
			hasScannedForEncodings = 0;
			knownRegions = (
				en,
				Base,
			);
			mainGroup = D25186A21DFCADEB007A2260;
			productRefGroup = D25186AC1DFCADEC007A2260 /* Products */;
			projectDirPath = "";
			projectRoot = "";
			targets = (
				D25186AA1DFCADEB007A2260 /* Financial Tool */,
				D25186C11DFCADEC007A2260 /* Financial ToolTests */,
				D25186CC1DFCADEC007A2260 /* Financial ToolUITests */,
			);
		};
/* End PBXProject section */

/* Begin PBXResourcesBuildPhase section */
		D25186A91DFCADEB007A2260 /* Resources */ = {
			isa = PBXResourcesBuildPhase;
			buildActionMask = 2147483647;
			files = (
				D25186BC1DFCADEC007A2260 /* LaunchScreen.storyboard in Resources */,
				D25186B91DFCADEC007A2260 /* Assets.xcassets in Resources */,
				D25186B41DFCADEC007A2260 /* Main.storyboard in Resources */,
			);
			runOnlyForDeploymentPostprocessing = 0;
		};
		D25186C01DFCADEC007A2260 /* Resources */ = {
			isa = PBXResourcesBuildPhase;
			buildActionMask = 2147483647;
			files = (
			);
			runOnlyForDeploymentPostprocessing = 0;
		};
		D25186CB1DFCADEC007A2260 /* Resources */ = {
			isa = PBXResourcesBuildPhase;
			buildActionMask = 2147483647;
			files = (
			);
			runOnlyForDeploymentPostprocessing = 0;
		};
/* End PBXResourcesBuildPhase section */

/* Begin PBXSourcesBuildPhase section */
		D25186A71DFCADEB007A2260 /* Sources */ = {
			isa = PBXSourcesBuildPhase;
			buildActionMask = 2147483647;
			files = (
				D25186B11DFCADEC007A2260 /* ViewController.swift in Sources */,
				D25186AF1DFCADEC007A2260 /* AppDelegate.swift in Sources */,
				D25186B71DFCADEC007A2260 /* Financial_Tool.xcdatamodeld in Sources */,
			);
			runOnlyForDeploymentPostprocessing = 0;
		};
		D25186BE1DFCADEC007A2260 /* Sources */ = {
			isa = PBXSourcesBuildPhase;
			buildActionMask = 2147483647;
			files = (
				D25186C71DFCADEC007A2260 /* Financial_ToolTests.swift in Sources */,
			);
			runOnlyForDeploymentPostprocessing = 0;
		};
		D25186C91DFCADEC007A2260 /* Sources */ = {
			isa = PBXSourcesBuildPhase;
			buildActionMask = 2147483647;
			files = (
				D25186D21DFCADEC007A2260 /* Financial_ToolUITests.swift in Sources */,
			);
			runOnlyForDeploymentPostprocessing = 0;
		};
/* End PBXSourcesBuildPhase section */

/* Begin PBXTargetDependency section */
		D25186C41DFCADEC007A2260 /* PBXTargetDependency */ = {
			isa = PBXTargetDependency;
			target = D25186AA1DFCADEB007A2260 /* Financial Tool */;
			targetProxy = D25186C31DFCADEC007A2260 /* PBXContainerItemProxy */;
		};
		D25186CF1DFCADEC007A2260 /* PBXTargetDependency */ = {
			isa = PBXTargetDependency;
			target = D25186AA1DFCADEB007A2260 /* Financial Tool */;
			targetProxy = D25186CE1DFCADEC007A2260 /* PBXContainerItemProxy */;
		};
/* End PBXTargetDependency section */

/* Begin PBXVariantGroup section */
		D25186B21DFCADEC007A2260 /* Main.storyboard */ = {
			isa = PBXVariantGroup;
			children = (
				D25186B31DFCADEC007A2260 /* Base */,
			);
			name = Main.storyboard;
			sourceTree = "<group>";
		};
		D25186BA1DFCADEC007A2260 /* LaunchScreen.storyboard */ = {
			isa = PBXVariantGroup;
			children = (
				D25186BB1DFCADEC007A2260 /* Base */,
			);
			name = LaunchScreen.storyboard;
			sourceTree = "<group>";
		};
/* End PBXVariantGroup section */

/* Begin XCBuildConfiguration section */
		D25186D41DFCADEC007A2260 /* Debug */ = {
			isa = XCBuildConfiguration;
			buildSettings = {
				ALWAYS_SEARCH_USER_PATHS = NO;
				CLANG_ANALYZER_NONNULL = YES;
				CLANG_CXX_LANGUAGE_STANDARD = "gnu++0x";
				CLANG_CXX_LIBRARY = "libc++";
				CLANG_ENABLE_MODULES = YES;
				CLANG_ENABLE_OBJC_ARC = YES;
				CLANG_WARN_BOOL_CONVERSION = YES;
				CLANG_WARN_CONSTANT_CONVERSION = YES;
				CLANG_WARN_DIRECT_OBJC_ISA_USAGE = YES_ERROR;
				CLANG_WARN_DOCUMENTATION_COMMENTS = YES;
				CLANG_WARN_EMPTY_BODY = YES;
				CLANG_WARN_ENUM_CONVERSION = YES;
				CLANG_WARN_INFINITE_RECURSION = YES;
				CLANG_WARN_INT_CONVERSION = YES;
				CLANG_WARN_OBJC_ROOT_CLASS = YES_ERROR;
				CLANG_WARN_SUSPICIOUS_MOVES = YES;
				CLANG_WARN_UNREACHABLE_CODE = YES;
				CLANG_WARN__DUPLICATE_METHOD_MATCH = YES;
				"CODE_SIGN_IDENTITY[sdk=iphoneos*]" = "iPhone Developer";
				COPY_PHASE_STRIP = NO;
				DEBUG_INFORMATION_FORMAT = dwarf;
				ENABLE_STRICT_OBJC_MSGSEND = YES;
				ENABLE_TESTABILITY = YES;
				GCC_C_LANGUAGE_STANDARD = gnu99;
				GCC_DYNAMIC_NO_PIC = NO;
				GCC_NO_COMMON_BLOCKS = YES;
				GCC_OPTIMIZATION_LEVEL = 0;
				GCC_PREPROCESSOR_DEFINITIONS = (
					"DEBUG=1",
					"$(inherited)",
				);
				GCC_WARN_64_TO_32_BIT_CONVERSION = YES;
				GCC_WARN_ABOUT_RETURN_TYPE = YES_ERROR;
				GCC_WARN_UNDECLARED_SELECTOR = YES;
				GCC_WARN_UNINITIALIZED_AUTOS = YES_AGGRESSIVE;
				GCC_WARN_UNUSED_FUNCTION = YES;
				GCC_WARN_UNUSED_VARIABLE = YES;
				IPHONEOS_DEPLOYMENT_TARGET = 10.1;
				MTL_ENABLE_DEBUG_INFO = YES;
				ONLY_ACTIVE_ARCH = YES;
				SDKROOT = iphoneos;
				SWIFT_ACTIVE_COMPILATION_CONDITIONS = DEBUG;
				SWIFT_OPTIMIZATION_LEVEL = "-Onone";
			};
			name = Debug;
		};
		D25186D51DFCADEC007A2260 /* Release */ = {
			isa = XCBuildConfiguration;
			buildSettings = {
				ALWAYS_SEARCH_USER_PATHS = NO;
				CLANG_ANALYZER_NONNULL = YES;
				CLANG_CXX_LANGUAGE_STANDARD = "gnu++0x";
				CLANG_CXX_LIBRARY = "libc++";
				CLANG_ENABLE_MODULES = YES;
				CLANG_ENABLE_OBJC_ARC = YES;
				CLANG_WARN_BOOL_CONVERSION = YES;
				CLANG_WARN_CONSTANT_CONVERSION = YES;
				CLANG_WARN_DIRECT_OBJC_ISA_USAGE = YES_ERROR;
				CLANG_WARN_DOCUMENTATION_COMMENTS = YES;
				CLANG_WARN_EMPTY_BODY = YES;
				CLANG_WARN_ENUM_CONVERSION = YES;
				CLANG_WARN_INFINITE_RECURSION = YES;
				CLANG_WARN_INT_CONVERSION = YES;
				CLANG_WARN_OBJC_ROOT_CLASS = YES_ERROR;
				CLANG_WARN_SUSPICIOUS_MOVES = YES;
				CLANG_WARN_UNREACHABLE_CODE = YES;
				CLANG_WARN__DUPLICATE_METHOD_MATCH = YES;
				"CODE_SIGN_IDENTITY[sdk=iphoneos*]" = "iPhone Developer";
				COPY_PHASE_STRIP = NO;
				DEBUG_INFORMATION_FORMAT = "dwarf-with-dsym";
				ENABLE_NS_ASSERTIONS = NO;
				ENABLE_STRICT_OBJC_MSGSEND = YES;
				GCC_C_LANGUAGE_STANDARD = gnu99;
				GCC_NO_COMMON_BLOCKS = YES;
				GCC_WARN_64_TO_32_BIT_CONVERSION = YES;
				GCC_WARN_ABOUT_RETURN_TYPE = YES_ERROR;
				GCC_WARN_UNDECLARED_SELECTOR = YES;
				GCC_WARN_UNINITIALIZED_AUTOS = YES_AGGRESSIVE;
				GCC_WARN_UNUSED_FUNCTION = YES;
				GCC_WARN_UNUSED_VARIABLE = YES;
				IPHONEOS_DEPLOYMENT_TARGET = 10.1;
				MTL_ENABLE_DEBUG_INFO = NO;
				SDKROOT = iphoneos;
				SWIFT_OPTIMIZATION_LEVEL = "-Owholemodule";
				VALIDATE_PRODUCT = YES;
			};
			name = Release;
		};
		D25186D71DFCADEC007A2260 /* Debug */ = {
			isa = XCBuildConfiguration;
			buildSettings = {
				ASSETCATALOG_COMPILER_APPICON_NAME = AppIcon;
				DEVELOPMENT_TEAM = NEY2FHL5G3;
				INFOPLIST_FILE = "Financial Tool/Info.plist";
				LD_RUNPATH_SEARCH_PATHS = "$(inherited) @executable_path/Frameworks";
				PRODUCT_BUNDLE_IDENTIFIER = "rusdoge.Financial-Tool";
				PRODUCT_NAME = "$(TARGET_NAME)";
				SWIFT_VERSION = 3.0;
			};
			name = Debug;
		};
		D25186D81DFCADEC007A2260 /* Release */ = {
			isa = XCBuildConfiguration;
			buildSettings = {
				ASSETCATALOG_COMPILER_APPICON_NAME = AppIcon;
				DEVELOPMENT_TEAM = NEY2FHL5G3;
				INFOPLIST_FILE = "Financial Tool/Info.plist";
				LD_RUNPATH_SEARCH_PATHS = "$(inherited) @executable_path/Frameworks";
				PRODUCT_BUNDLE_IDENTIFIER = "rusdoge.Financial-Tool";
				PRODUCT_NAME = "$(TARGET_NAME)";
				SWIFT_VERSION = 3.0;
			};
			name = Release;
		};
		D25186DA1DFCADEC007A2260 /* Debug */ = {
			isa = XCBuildConfiguration;
			buildSettings = {
				ALWAYS_EMBED_SWIFT_STANDARD_LIBRARIES = YES;
				BUNDLE_LOADER = "$(TEST_HOST)";
				DEVELOPMENT_TEAM = NEY2FHL5G3;
				INFOPLIST_FILE = "Financial ToolTests/Info.plist";
				LD_RUNPATH_SEARCH_PATHS = "$(inherited) @executable_path/Frameworks @loader_path/Frameworks";
				PRODUCT_BUNDLE_IDENTIFIER = "rusdoge.Financial-ToolTests";
				PRODUCT_NAME = "$(TARGET_NAME)";
				SWIFT_VERSION = 3.0;
				TEST_HOST = "$(BUILT_PRODUCTS_DIR)/Financial Tool.app/Financial Tool";
			};
			name = Debug;
		};
		D25186DB1DFCADEC007A2260 /* Release */ = {
			isa = XCBuildConfiguration;
			buildSettings = {
				ALWAYS_EMBED_SWIFT_STANDARD_LIBRARIES = YES;
				BUNDLE_LOADER = "$(TEST_HOST)";
				DEVELOPMENT_TEAM = NEY2FHL5G3;
				INFOPLIST_FILE = "Financial ToolTests/Info.plist";
				LD_RUNPATH_SEARCH_PATHS = "$(inherited) @executable_path/Frameworks @loader_path/Frameworks";
				PRODUCT_BUNDLE_IDENTIFIER = "rusdoge.Financial-ToolTests";
				PRODUCT_NAME = "$(TARGET_NAME)";
				SWIFT_VERSION = 3.0;
				TEST_HOST = "$(BUILT_PRODUCTS_DIR)/Financial Tool.app/Financial Tool";
			};
			name = Release;
		};
		D25186DD1DFCADEC007A2260 /* Debug */ = {
			isa = XCBuildConfiguration;
			buildSettings = {
				ALWAYS_EMBED_SWIFT_STANDARD_LIBRARIES = YES;
				DEVELOPMENT_TEAM = NEY2FHL5G3;
				INFOPLIST_FILE = "Financial ToolUITests/Info.plist";
				LD_RUNPATH_SEARCH_PATHS = "$(inherited) @executable_path/Frameworks @loader_path/Frameworks";
				PRODUCT_BUNDLE_IDENTIFIER = "rusdoge.Financial-ToolUITests";
				PRODUCT_NAME = "$(TARGET_NAME)";
				SWIFT_VERSION = 3.0;
				TEST_TARGET_NAME = "Financial Tool";
			};
			name = Debug;
		};
		D25186DE1DFCADEC007A2260 /* Release */ = {
			isa = XCBuildConfiguration;
			buildSettings = {
				ALWAYS_EMBED_SWIFT_STANDARD_LIBRARIES = YES;
				DEVELOPMENT_TEAM = NEY2FHL5G3;
				INFOPLIST_FILE = "Financial ToolUITests/Info.plist";
				LD_RUNPATH_SEARCH_PATHS = "$(inherited) @executable_path/Frameworks @loader_path/Frameworks";
				PRODUCT_BUNDLE_IDENTIFIER = "rusdoge.Financial-ToolUITests";
				PRODUCT_NAME = "$(TARGET_NAME)";
				SWIFT_VERSION = 3.0;
				TEST_TARGET_NAME = "Financial Tool";
			};
			name = Release;
		};
/* End XCBuildConfiguration section */

/* Begin XCConfigurationList section */
		D25186A61DFCADEB007A2260 /* Build configuration list for PBXProject "Financial Tool" */ = {
			isa = XCConfigurationList;
			buildConfigurations = (
				D25186D41DFCADEC007A2260 /* Debug */,
				D25186D51DFCADEC007A2260 /* Release */,
			);
			defaultConfigurationIsVisible = 0;
			defaultConfigurationName = Release;
		};
		D25186D61DFCADEC007A2260 /* Build configuration list for PBXNativeTarget "Financial Tool" */ = {
			isa = XCConfigurationList;
			buildConfigurations = (
				D25186D71DFCADEC007A2260 /* Debug */,
				D25186D81DFCADEC007A2260 /* Release */,
			);
			defaultConfigurationIsVisible = 0;
		};
		D25186D91DFCADEC007A2260 /* Build configuration list for PBXNativeTarget "Financial ToolTests" */ = {
			isa = XCConfigurationList;
			buildConfigurations = (
				D25186DA1DFCADEC007A2260 /* Debug */,
				D25186DB1DFCADEC007A2260 /* Release */,
			);
			defaultConfigurationIsVisible = 0;
		};
		D25186DC1DFCADEC007A2260 /* Build configuration list for PBXNativeTarget "Financial ToolUITests" */ = {
			isa = XCConfigurationList;
			buildConfigurations = (
				D25186DD1DFCADEC007A2260 /* Debug */,
				D25186DE1DFCADEC007A2260 /* Release */,
			);
			defaultConfigurationIsVisible = 0;
		};
/* End XCConfigurationList section */

/* Begin XCVersionGroup section */
		D25186B51DFCADEC007A2260 /* Financial_Tool.xcdatamodeld */ = {
			isa = XCVersionGroup;
			children = (
				D25186B61DFCADEC007A2260 /* Financial_Tool.xcdatamodel */,
			);
			currentVersion = D25186B61DFCADEC007A2260 /* Financial_Tool.xcdatamodel */;
			path = Financial_Tool.xcdatamodeld;
			sourceTree = "<group>";
			versionGroupType = wrapper.xcdatamodel;
		};
/* End XCVersionGroup section */
	};
	rootObject = D25186A31DFCADEB007A2260 /* Project object */;
}
